
Microsoft Visual Studio Solution File, Format Version 12.00
# Visual Studio Version 16
VisualStudioVersion = 16.0.30011.22
MinimumVisualStudioVersion = 10.0.40219.1
Project("{FAE04EC0-301F-11D3-BF4B-00C04F79EFBC}") = "DAL", "DAL\DAL.csproj", "{7A1BFAC9-4A88-4942-B548-CE3156B66BDE}"
EndProject
Project("{FAE04EC0-301F-11D3-BF4B-00C04F79EFBC}") = "Site", "Site\Site.csproj", "{08CB31FA-ED18-400C-AA44-87A50BD2155F}"
EndProject
Global
	GlobalSection(SolutionConfigurationPlatforms) = preSolution
		Debug|Any CPU = Debug|Any CPU
		Release|Any CPU = Release|Any CPU
	EndGlobalSection
	GlobalSection(ProjectConfigurationPlatforms) = postSolution
		{7A1BFAC9-4A88-4942-B548-CE3156B66BDE}.Debug|Any CPU.ActiveCfg = Debug|Any CPU
		{7A1BFAC9-4A88-4942-B548-CE3156B66BDE}.Debug|Any CPU.Build.0 = Debug|Any CPU
		{7A1BFAC9-4A88-4942-B548-CE3156B66BDE}.Release|Any CPU.ActiveCfg = Release|Any CPU
		{7A1BFAC9-4A88-4942-B548-CE3156B66BDE}.Release|Any CPU.Build.0 = Release|Any CPU
		{08CB31FA-ED18-400C-AA44-87A50BD2155F}.Debug|Any CPU.ActiveCfg = Debug|Any CPU
		{08CB31FA-ED18-400C-AA44-87A50BD2155F}.Debug|Any CPU.Build.0 = Debug|Any CPU
		{08CB31FA-ED18-400C-AA44-87A50BD2155F}.Release|Any CPU.ActiveCfg = Release|Any CPU
		{08CB31FA-ED18-400C-AA44-87A50BD2155F}.Release|Any CPU.Build.0 = Release|Any CPU
	EndGlobalSection
	GlobalSection(SolutionProperties) = preSolution
		HideSolutionNode = FALSE
	EndGlobalSection
	GlobalSection(ExtensibilityGlobals) = postSolution
		SolutionGuid = {27227863-2EDD-4876-8F01-854A1CFC1CF7}
	EndGlobalSection
EndGlobal
